Microsoft Visual Studio Solution File, Format Version 12.00
# Visual Studio 15
VisualStudioVersion = 15.0.26403.3
MinimumVisualStudioVersion = 15.0.26124.0
Project("{2150E333-8FDC-42A3-9474-1A3956D46DE8}") = "src", "src", "{016B7A9E-57E1-4667-818D-9D25858E8D04}"
EndProject
Project("{9A19103F-16F7-4668-BE54-9A1E7A4F7556}") = "RaidPlan.Host", "src\RaidPlan.Host\RaidPlan.Host.csproj", "{2AD3E5CA-A519-4747-9CA8-D0BAE27AA5AE}"
EndProject
Project("{9A19103F-16F7-4668-BE54-9A1E7A4F7556}") = "RaidPlan.Api", "src\RaidPlan.Api\RaidPlan.Api.csproj", "{1E19D71A-0555-491F-9B4E-B3395604D431}"
EndProject
Project("{2150E333-8FDC-42A3-9474-1A3956D46DE8}") = "test", "test", "{A4C27FA0-4F96-453A-9C0E-9C257029F8AB}"
EndProject
Project("{9A19103F-16F7-4668-BE54-9A1E7A4F7556}") = "RaidPlan.Host.Tests", "test\RaidPlan.Host.Tests\RaidPlan.Host.Tests.csproj", "{23675320-DE6F-460E-BE45-0ADD8AB1FF05}"
EndProject
Project("{9A19103F-16F7-4668-BE54-9A1E7A4F7556}") = "RaidPlan.Api.Tests", "test\RaidPlan.Api.Tests\RaidPlan.Api.Tests.csproj", "{B972AFD0-89CC-4209-9ED8-5F859145B2C2}"
EndProject
Project("{E53339B2-1760-4266-BCC7-CA923CBCF16C}") = "docker-compose", "docker-compose.dcproj", "{01EDEDBB-08A9-491C-AAED-9625C061CAEB}"
EndProject
Global
	GlobalSection(SolutionConfigurationPlatforms) = preSolution
		Debug|Any CPU = Debug|Any CPU
		Debug|x64 = Debug|x64
		Debug|x86 = Debug|x86
		Release|Any CPU = Release|Any CPU
		Release|x64 = Release|x64
		Release|x86 = Release|x86
	EndGlobalSection
	GlobalSection(ProjectConfigurationPlatforms) = postSolution
		{2AD3E5CA-A519-4747-9CA8-D0BAE27AA5AE}.Debug|Any CPU.ActiveCfg = Debug|Any CPU
		{2AD3E5CA-A519-4747-9CA8-D0BAE27AA5AE}.Debug|Any CPU.Build.0 = Debug|Any CPU
		{2AD3E5CA-A519-4747-9CA8-D0BAE27AA5AE}.Debug|x64.ActiveCfg = Debug|Any CPU
		{2AD3E5CA-A519-4747-9CA8-D0BAE27AA5AE}.Debug|x64.Build.0 = Debug|Any CPU
		{2AD3E5CA-A519-4747-9CA8-D0BAE27AA5AE}.Debug|x86.ActiveCfg = Debug|Any CPU
		{2AD3E5CA-A519-4747-9CA8-D0BAE27AA5AE}.Debug|x86.Build.0 = Debug|Any CPU
		{2AD3E5CA-A519-4747-9CA8-D0BAE27AA5AE}.Release|Any CPU.ActiveCfg = Release|Any CPU
		{2AD3E5CA-A519-4747-9CA8-D0BAE27AA5AE}.Release|Any CPU.Build.0 = Release|Any CPU
		{2AD3E5CA-A519-4747-9CA8-D0BAE27AA5AE}.Release|x64.ActiveCfg = Release|Any CPU
		{2AD3E5CA-A519-4747-9CA8-D0BAE27AA5AE}.Release|x64.Build.0 = Release|Any CPU
		{2AD3E5CA-A519-4747-9CA8-D0BAE27AA5AE}.Release|x86.ActiveCfg = Release|Any CPU
		{2AD3E5CA-A519-4747-9CA8-D0BAE27AA5AE}.Release|x86.Build.0 = Release|Any CPU
		{1E19D71A-0555-491F-9B4E-B3395604D431}.Debug|Any CPU.ActiveCfg = Debug|Any CPU
		{1E19D71A-0555-491F-9B4E-B3395604D431}.Debug|Any CPU.Build.0 = Debug|Any CPU
		{1E19D71A-0555-491F-9B4E-B3395604D431}.Debug|x64.ActiveCfg = Debug|Any CPU
		{1E19D71A-0555-491F-9B4E-B3395604D431}.Debug|x64.Build.0 = Debug|Any CPU
		{1E19D71A-0555-491F-9B4E-B3395604D431}.Debug|x86.ActiveCfg = Debug|Any CPU
		{1E19D71A-0555-491F-9B4E-B3395604D431}.Debug|x86.Build.0 = Debug|Any CPU
		{1E19D71A-0555-491F-9B4E-B3395604D431}.Release|Any CPU.ActiveCfg = Release|Any CPU
		{1E19D71A-0555-491F-9B4E-B3395604D431}.Release|Any CPU.Build.0 = Release|Any CPU
		{1E19D71A-0555-491F-9B4E-B3395604D431}.Release|x64.ActiveCfg = Release|Any CPU
		{1E19D71A-0555-491F-9B4E-B3395604D431}.Release|x64.Build.0 = Release|Any CPU
		{1E19D71A-0555-491F-9B4E-B3395604D431}.Release|x86.ActiveCfg = Release|Any CPU
		{1E19D71A-0555-491F-9B4E-B3395604D431}.Release|x86.Build.0 = Release|Any CPU
		{23675320-DE6F-460E-BE45-0ADD8AB1FF05}.Debug|Any CPU.ActiveCfg = Debug|Any CPU
		{23675320-DE6F-460E-BE45-0ADD8AB1FF05}.Debug|Any CPU.Build.0 = Debug|Any CPU
		{23675320-DE6F-460E-BE45-0ADD8AB1FF05}.Debug|x64.ActiveCfg = Debug|Any CPU
		{23675320-DE6F-460E-BE45-0ADD8AB1FF05}.Debug|x64.Build.0 = Debug|Any CPU
		{23675320-DE6F-460E-BE45-0ADD8AB1FF05}.Debug|x86.ActiveCfg = Debug|Any CPU
		{23675320-DE6F-460E-BE45-0ADD8AB1FF05}.Debug|x86.Build.0 = Debug|Any CPU
		{23675320-DE6F-460E-BE45-0ADD8AB1FF05}.Release|Any CPU.ActiveCfg = Release|Any CPU
		{23675320-DE6F-460E-BE45-0ADD8AB1FF05}.Release|Any CPU.Build.0 = Release|Any CPU
		{23675320-DE6F-460E-BE45-0ADD8AB1FF05}.Release|x64.ActiveCfg = Release|Any CPU
		{23675320-DE6F-460E-BE45-0ADD8AB1FF05}.Release|x64.Build.0 = Release|Any CPU
		{23675320-DE6F-460E-BE45-0ADD8AB1FF05}.Release|x86.ActiveCfg = Release|Any CPU
		{23675320-DE6F-460E-BE45-0ADD8AB1FF05}.Release|x86.Build.0 = Release|Any CPU
		{B972AFD0-89CC-4209-9ED8-5F859145B2C2}.Debug|Any CPU.ActiveCfg = Debug|Any CPU
		{B972AFD0-89CC-4209-9ED8-5F859145B2C2}.Debug|Any CPU.Build.0 = Debug|Any CPU
		{B972AFD0-89CC-4209-9ED8-5F859145B2C2}.Debug|x64.ActiveCfg = Debug|Any CPU
		{B972AFD0-89CC-4209-9ED8-5F859145B2C2}.Debug|x64.Build.0 = Debug|Any CPU
		{B972AFD0-89CC-4209-9ED8-5F859145B2C2}.Debug|x86.ActiveCfg = Debug|Any CPU
		{B972AFD0-89CC-4209-9ED8-5F859145B2C2}.Debug|x86.Build.0 = Debug|Any CPU
		{B972AFD0-89CC-4209-9ED8-5F859145B2C2}.Release|Any CPU.ActiveCfg = Release|Any CPU
		{B972AFD0-89CC-4209-9ED8-5F859145B2C2}.Release|Any CPU.Build.0 = Release|Any CPU
		{B972AFD0-89CC-4209-9ED8-5F859145B2C2}.Release|x64.ActiveCfg = Release|Any CPU
		{B972AFD0-89CC-4209-9ED8-5F859145B2C2}.Release|x64.Build.0 = Release|Any CPU
		{B972AFD0-89CC-4209-9ED8-5F859145B2C2}.Release|x86.ActiveCfg = Release|Any CPU
		{B972AFD0-89CC-4209-9ED8-5F859145B2C2}.Release|x86.Build.0 = Release|Any CPU
		{01EDEDBB-08A9-491C-AAED-9625C061CAEB}.Debug|Any CPU.ActiveCfg = Debug|Any CPU
		{01EDEDBB-08A9-491C-AAED-9625C061CAEB}.Debug|Any CPU.Build.0 = Debug|Any CPU
		{01EDEDBB-08A9-491C-AAED-9625C061CAEB}.Debug|x64.ActiveCfg = Debug|Any CPU
		{01EDEDBB-08A9-491C-AAED-9625C061CAEB}.Debug|x64.Build.0 = Debug|Any CPU
		{01EDEDBB-08A9-491C-AAED-9625C061CAEB}.Debug|x86.ActiveCfg = Debug|Any CPU
		{01EDEDBB-08A9-491C-AAED-9625C061CAEB}.Debug|x86.Build.0 = Debug|Any CPU
		{01EDEDBB-08A9-491C-AAED-9625C061CAEB}.Release|Any CPU.ActiveCfg = Release|Any CPU
		{01EDEDBB-08A9-491C-AAED-9625C061CAEB}.Release|Any CPU.Build.0 = Release|Any CPU
		{01EDEDBB-08A9-491C-AAED-9625C061CAEB}.Release|x64.ActiveCfg = Release|Any CPU
		{01EDEDBB-08A9-491C-AAED-9625C061CAEB}.Release|x64.Build.0 = Release|Any CPU
		{01EDEDBB-08A9-491C-AAED-9625C061CAEB}.Release|x86.ActiveCfg = Release|Any CPU
		{01EDEDBB-08A9-491C-AAED-9625C061CAEB}.Release|x86.Build.0 = Release|Any CPU
	EndGlobalSection
	GlobalSection(SolutionProperties) = preSolution
		HideSolutionNode = FALSE
	EndGlobalSection
	GlobalSection(NestedProjects) = preSolution
		{2AD3E5CA-A519-4747-9CA8-D0BAE27AA5AE} = {016B7A9E-57E1-4667-818D-9D25858E8D04}
		{1E19D71A-0555-491F-9B4E-B3395604D431} = {016B7A9E-57E1-4667-818D-9D25858E8D04}
		{23675320-DE6F-460E-BE45-0ADD8AB1FF05} = {A4C27FA0-4F96-453A-9C0E-9C257029F8AB}
		{B972AFD0-89CC-4209-9ED8-5F859145B2C2} = {A4C27FA0-4F96-453A-9C0E-9C257029F8AB}
	EndGlobalSection
EndGlobal
